
Microsoft Visual Studio Solution File, Format Version 12.00
# Visual Studio Version 16
VisualStudioVersion = 16.0.30002.166
MinimumVisualStudioVersion = 10.0.40219.1
Project("{FAE04EC0-301F-11D3-BF4B-00C04F79EFBC}") = "Bitsa.Base", "Bitsa.Base.csproj", "{7C927F72-22AD-4AAA-A343-4D900A4CBA77}"
EndProject
Global
	GlobalSection(SolutionConfigurationPlatforms) = preSolution
		Debug|Any CPU = Debug|Any CPU
		Release|Any CPU = Release|Any CPU
	EndGlobalSection
	GlobalSection(ProjectConfigurationPlatforms) = postSolution
		{7C927F72-22AD-4AAA-A343-4D900A4CBA77}.Debug|Any CPU.ActiveCfg = Debug|Any CPU
		{7C927F72-22AD-4AAA-A343-4D900A4CBA77}.Debug|Any CPU.Build.0 = Debug|Any CPU
		{7C927F72-22AD-4AAA-A343-4D900A4CBA77}.Release|Any CPU.ActiveCfg = Release|Any CPU
		{7C927F72-22AD-4AAA-A343-4D900A4CBA77}.Release|Any CPU.Build.0 = Release|Any CPU
	EndGlobalSection
	GlobalSection(SolutionProperties) = preSolution
		HideSolutionNode = FALSE
	EndGlobalSection
	GlobalSection(ExtensibilityGlobals) = postSolution
		SolutionGuid = {7B0CFE97-DDEF-47F0-948D-98EF6F29DB31}
	EndGlobalSection
EndGlobal
